<?xml version="1.0" encoding="utf-8"?>
<Project ToolsVersion="4.0" xmlns="http://schemas.microsoft.com/developer/msbuild/2003">
  <ItemGroup>
    <ClCompile Include="..\..\external\imgui\imgui.cpp">
      <Filter>External\imgui</Filter>
    </ClCompile>
    <ClCompile Include="..\..\external\imgui\imgui_demo.cpp">
      <Filter>External\imgui</Filter>
    </ClCompile>
    <ClCompile Include="..\..\external\imgui\imgui_draw.cpp">
      <Filter>External\imgui</Filter>
    </ClCompile>
    <ClCompile Include="..\..\external\imgui\imgui_tables.cpp">
      <Filter>External\imgui</Filter>
    </ClCompile>
    <ClCompile Include="..\..\external\imgui\imgui_widgets.cpp">
      <Filter>External\imgui</Filter>
    </ClCompile>
    <ClCompile Include="..\..\external\imgui\backends\imgui_impl_dx12.cpp">
      <Filter>External\imgui</Filter>
    </ClCompile>
    <ClCompile Include="core\Log.cpp">
      <Filter>Src\Core</Filter>
    </ClCompile>
    <ClCompile Include="..\..\external\imgui\backends\imgui_impl_win32.cpp">
      <Filter>External\imgui</Filter>
    </ClCompile>
    <ClCompile Include="Graphics\BindlessDescriptorHeap.cpp">
      <Filter>Src\Graphics</Filter>
    </ClCompile>
    <ClCompile Include="Graphics\GraphicsDevice.cpp">
      <Filter>Src\Graphics</Filter>
    </ClCompile>
    <ClCompile Include="Graphics\Shader.cpp">
      <Filter>Src\Graphics</Filter>
    </ClCompile>
    <ClCompile Include="Renderer\main.cpp">
      <Filter>Src\Renderer</Filter>
    </ClCompile>
    <ClCompile Include="Renderer\Renderer.cpp">
      <Filter>Src\Renderer</Filter>
    </ClCompile>
    <ClCompile Include="Renderer\RenderManager.cpp">
      <Filter>Src\Renderer</Filter>
    </ClCompile>
    <ClCompile Include="Graphics\TransientBuffer.cpp">
      <Filter>Src\Graphics</Filter>
    </ClCompile>
    <ClCompile Include="Graphics\RenderTexture.cpp">
      <Filter>Src\Graphics</Filter>
    </ClCompile>
    <ClCompile Include="Renderer\Camera.cpp">
      <Filter>Src\Renderer</Filter>
    </ClCompile>
    <ClCompile Include="Core\TinyglTFImpl.cpp">
      <Filter>Src\Core</Filter>
    </ClCompile>
    <ClCompile Include="Graphics\Texture2D.cpp">
      <Filter>Src\Graphics</Filter>
    </ClCompile>
    <ClCompile Include="Graphics\GltfModel.cpp">
      <Filter>Src\Graphics</Filter>
    </ClCompile>
    <ClCompile Include="Graphics\RenderBuffer.cpp">
      <Filter>Src\Graphics</Filter>
    </ClCompile>
    <ClCompile Include="Renderer\Atmosphere.cpp">
      <Filter>Src\Renderer</Filter>
    </ClCompile>
    <ClCompile Include="Graphics\CommandList.cpp">
      <Filter>Src\Graphics</Filter>
    </ClCompile>
    <ClCompile Include="Graphics\Tlas.cpp">
      <Filter>Src\Graphics</Filter>
    </ClCompile>
    <ClCompile Include="..\..\external\ImGuizmo\ImGuizmo.cpp">
      <Filter>External\ImGuizmo</Filter>
    </ClCompile>
    <ClCompile Include="Renderer\World.cpp">
      <Filter>Src\Renderer</Filter>
    </ClCompile>
  </ItemGroup>
  <ItemGroup>
    <ClInclude Include="..\..\external\imgui\imgui.h">
      <Filter>External\imgui</Filter>
    </ClInclude>
    <ClInclude Include="..\..\external\imgui\imgui_internal.h">
      <Filter>External\imgui</Filter>
    </ClInclude>
    <ClInclude Include="..\..\external\imgui\imstb_rectpack.h">
      <Filter>External\imgui</Filter>
    </ClInclude>
    <ClInclude Include="..\..\external\imgui\imstb_textedit.h">
      <Filter>External\imgui</Filter>
    </ClInclude>
    <ClInclude Include="..\..\external\imgui\imstb_truetype.h">
      <Filter>External\imgui</Filter>
    </ClInclude>
    <ClInclude Include="..\..\external\imgui\backends\imgui_impl_dx12.h">
      <Filter>External\imgui</Filter>
    </ClInclude>
    <ClInclude Include="core\Log.h">
      <Filter>Src\Core</Filter>
    </ClInclude>
    <ClInclude Include="core\Math.h">
      <Filter>Src\Core</Filter>
    </ClInclude>
    <ClInclude Include="..\..\external\imgui\backends\imgui_impl_win32.h">
      <Filter>External\imgui</Filter>
    </ClInclude>
    <ClInclude Include="Core\Common.h">
      <Filter>Src\Core</Filter>
    </ClInclude>
    <ClInclude Include="Graphics\BindlessDescriptorHeap.h">
      <Filter>Src\Graphics</Filter>
    </ClInclude>
    <ClInclude Include="Graphics\GraphicsDevice.h">
      <Filter>Src\Graphics</Filter>
    </ClInclude>
    <ClInclude Include="Graphics\Shader.h">
      <Filter>Src\Graphics</Filter>
    </ClInclude>
    <ClInclude Include="Renderer\Renderer.h">
      <Filter>Src\Renderer</Filter>
    </ClInclude>
    <ClInclude Include="Renderer\RenderManager.h">
      <Filter>Src\Renderer</Filter>
    </ClInclude>
    <ClInclude Include="Graphics\TransientBuffer.h">
      <Filter>Src\Graphics</Filter>
    </ClInclude>
    <ClInclude Include="Graphics\RenderTexture.h">
      <Filter>Src\Graphics</Filter>
    </ClInclude>
    <ClInclude Include="Renderer\Camera.h">
      <Filter>Src\Renderer</Filter>
    </ClInclude>
    <ClInclude Include="Graphics\Texture2D.h">
      <Filter>Src\Graphics</Filter>
    </ClInclude>
    <ClInclude Include="Graphics\GltfModel.h">
      <Filter>Src\Graphics</Filter>
    </ClInclude>
    <ClInclude Include="Graphics\RenderBuffer.h">
      <Filter>Src\Graphics</Filter>
    </ClInclude>
    <ClInclude Include="Graphics\ResourceBarrier.h">
      <Filter>Src\Graphics</Filter>
    </ClInclude>
    <ClInclude Include="Renderer\Atmosphere.h">
      <Filter>Src\Renderer</Filter>
    </ClInclude>
    <ClInclude Include="Graphics\CommandList.h">
      <Filter>Src\Graphics</Filter>
    </ClInclude>
    <ClInclude Include="Core\Serialization.h">
      <Filter>Src\Core</Filter>
    </ClInclude>
    <ClInclude Include="Graphics\Tlas.h">
      <Filter>Src\Graphics</Filter>
    </ClInclude>
    <ClInclude Include="..\..\external\ImGuizmo\ImGuizmo.h">
      <Filter>External\ImGuizmo</Filter>
    </ClInclude>
    <ClInclude Include="Renderer\World.h">
      <Filter>Src\Renderer</Filter>
    </ClInclude>
    <ClInclude Include="Core\Gui.h">
      <Filter>Src\Core</Filter>
    </ClInclude>
    <ClInclude Include="Graphics\ShaderResources.h">
      <Filter>Src\Graphics</Filter>
    </ClInclude>
  </ItemGroup>
  <ItemGroup>
    <Filter Include="External">
      <UniqueIdentifier>{c1b217a8-6adf-4530-b330-7fe351bace0e}</UniqueIdentifier>
    </Filter>
    <Filter Include="External\imgui">
      <UniqueIdentifier>{20b749ca-5d48-4977-84d7-91436e0dd1c2}</UniqueIdentifier>
    </Filter>
    <Filter Include="Src">
      <UniqueIdentifier>{e224357e-8284-44eb-8ffb-90952e2cfff2}</UniqueIdentifier>
    </Filter>
    <Filter Include="Src\Renderer">
      <UniqueIdentifier>{7b7a9868-ceb2-4c0f-b4ae-ac212f0c2f94}</UniqueIdentifier>
    </Filter>
    <Filter Include="Src\Graphics">
      <UniqueIdentifier>{567bb7b9-d25f-4a8c-891b-3a9a00535345}</UniqueIdentifier>
    </Filter>
    <Filter Include="Src\Core">
      <UniqueIdentifier>{ef81c74a-2853-4717-bdd5-ed1d8a08fe25}</UniqueIdentifier>
    </Filter>
    <Filter Include="Shaders">
      <UniqueIdentifier>{47d5753e-5e42-4157-9014-df75d5076143}</UniqueIdentifier>
    </Filter>
    <Filter Include="External\ImGuizmo">
      <UniqueIdentifier>{0f1387df-4661-4dad-b8a7-20bfa4d19bd8}</UniqueIdentifier>
    </Filter>
  </ItemGroup>
  <ItemGroup>
    <None Include="..\..\data\shader\Blit.hlsl">
      <Filter>Shaders</Filter>
    </None>
    <None Include="..\..\data\shader\Common.hlsl">
      <Filter>Shaders</Filter>
    </None>
    <None Include="..\..\data\shader\CommonRayTracing.hlsl">
      <Filter>Shaders</Filter>
    </None>
    <None Include="..\..\data\shader\Focusing.hlsl">
      <Filter>Shaders</Filter>
    </None>
    <None Include="..\..\data\shader\PathTracer.hlsl">
      <Filter>Shaders</Filter>
    </None>
    <None Include="..\..\data\shader\AtmosphereCommon.hlsl">
      <Filter>Shaders</Filter>
    </None>
    <None Include="..\..\data\shader\AtmosphereLUT.hlsl">
      <Filter>Shaders</Filter>
    </None>
    <None Include="..\..\data\shader\Sky.hlsl">
      <Filter>Shaders</Filter>
    </None>
    <None Include="..\..\data\shader\NoiseGen.hlsl">
      <Filter>Shaders</Filter>
    </None>
    <None Include="..\..\data\shader\ShaderResources.hlsl">
      <Filter>Shaders</Filter>
    </None>
  </ItemGroup>
  <ItemGroup>
    <CopyFileToFolders Include="..\..\external\dxil.dll">
      <Filter>External</Filter>
    </CopyFileToFolders>
  </ItemGroup>
</Project>